
Microsoft Visual Studio Solution File, Format Version 12.00
# Visual Studio Version 16
VisualStudioVersion = 16.0.30711.63
MinimumVisualStudioVersion = 10.0.40219.1
Project("{FAE04EC0-301F-11D3-BF4B-00C04F79EFBC}") = "project", "project\project.csproj", "{D21F2F4F-9788-4A20-9F56-B3A939B343F5}"
EndProject
Global
	GlobalSection(SolutionConfigurationPlatforms) = preSolution
		Debug|Any CPU = Debug|Any CPU
		Release|Any CPU = Release|Any CPU
	EndGlobalSection
	GlobalSection(ProjectConfigurationPlatforms) = postSolution
		{D21F2F4F-9788-4A20-9F56-B3A939B343F5}.Debug|Any CPU.ActiveCfg = Debug|Any CPU
		{D21F2F4F-9788-4A20-9F56-B3A939B343F5}.Debug|Any CPU.Build.0 = Debug|Any CPU
		{D21F2F4F-9788-4A20-9F56-B3A939B343F5}.Release|Any CPU.ActiveCfg = Release|Any CPU
		{D21F2F4F-9788-4A20-9F56-B3A939B343F5}.Release|Any CPU.Build.0 = Release|Any CPU
	EndGlobalSection
	GlobalSection(SolutionProperties) = preSolution
		HideSolutionNode = FALSE
	EndGlobalSection
	GlobalSection(ExtensibilityGlobals) = postSolution
		SolutionGuid = {272D2D20-8355-48B9-A6EA-C60B9758F1D1}
	EndGlobalSection
EndGlobal
